
Microsoft Visual Studio Solution File, Format Version 12.00
# Visual Studio Version 17
VisualStudioVersion = 17.10.34928.147
MinimumVisualStudioVersion = 10.0.40219.1
Project("{FAE04EC0-301F-11D3-BF4B-00C04F79EFBC}") = "WindowsSQL", "WindowsSQL\WindowsSQL.csproj", "{12A8D473-1148-4E80-A926-A29DF6FF2749}"
EndProject
Global
	GlobalSection(SolutionConfigurationPlatforms) = preSolution
		Debug|Any CPU = Debug|Any CPU
		Release|Any CPU = Release|Any CPU
	EndGlobalSection
	GlobalSection(ProjectConfigurationPlatforms) = postSolution
		{12A8D473-1148-4E80-A926-A29DF6FF2749}.Debug|Any CPU.ActiveCfg = Debug|Any CPU
		{12A8D473-1148-4E80-A926-A29DF6FF2749}.Debug|Any CPU.Build.0 = Debug|Any CPU
		{12A8D473-1148-4E80-A926-A29DF6FF2749}.Release|Any CPU.ActiveCfg = Release|Any CPU
		{12A8D473-1148-4E80-A926-A29DF6FF2749}.Release|Any CPU.Build.0 = Release|Any CPU
	EndGlobalSection
	GlobalSection(SolutionProperties) = preSolution
		HideSolutionNode = FALSE
	EndGlobalSection
	GlobalSection(ExtensibilityGlobals) = postSolution
		SolutionGuid = {10208642-44BE-429F-B00F-2E2535F77FFD}
	EndGlobalSection
EndGlobal
